{
  "lockfileVersion": 2,
  "configVersion": 1,
  "workspaces": {
    "": {
      "name": "wayful",
    },
    "prototypes/cli": {
      "name": "wayful-local-cli",
    },
    "prototypes/viewer": {
      "name": "wayful-viewer-prototype",
    },
  },
  "packages": {
    "wayful-local-cli": ["wayful-local-cli@workspace:prototypes/cli"],

    "wayful-viewer-prototype": ["wayful-viewer-prototype@workspace:prototypes/viewer"],
  }
}
